// !$*UTF8*$!
{
	archiveVersion = 1;
	classes = {
	};
	objectVersion = 46;
	objects = {

/* Begin PBXBuildFile section */
		F9202CCD1E3344DE00E86C77 /* AppDelegate.swift in Sources */ = {isa = PBXBuildFile; fileRef = F9202CCC1E3344DE00E86C77 /* AppDelegate.swift */; };
		F9202CCF1E3344DE00E86C77 /* ViewController.swift in Sources */ = {isa = PBXBuildFile; fileRef = F9202CCE1E3344DE00E86C77 /* ViewController.swift */; };
		F9202CD21E3344DE00E86C77 /* Main.storyboard in Resources */ = {isa = PBXBuildFile; fileRef = F9202CD01E3344DE00E86C77 /* Main.storyboard */; };
		F9202CD41E3344DE00E86C77 /* Assets.xcassets in Resources */ = {isa = PBXBuildFile; fileRef = F9202CD31E3344DE00E86C77 /* Assets.xcassets */; };
		F9202CD71E3344DE00E86C77 /* LaunchScreen.storyboard in Resources */ = {isa = PBXBuildFile; fileRef = F9202CD51E3344DE00E86C77 /* LaunchScreen.storyboard */; };
/* End PBXBuildFile section */

/* Begin PBXFileReference section */
		F9202CC91E3344DE00E86C77 /* SampleSearchBar.app */ = {isa = PBXFileReference; explicitFileType = wrapper.application; includeInIndex = 0; path = SampleSearchBar.app; sourceTree = BUILT_PRODUCTS_DIR; };
		F9202CCC1E3344DE00E86C77 /* AppDelegate.swift */ = {isa = PBXFileReference; lastKnownFileType = sourcecode.swift; path = AppDelegate.swift; sourceTree = "<group>"; };
		F9202CCE1E3344DE00E86C77 /* ViewController.swift */ = {isa = PBXFileReference; lastKnownFileType = sourcecode.swift; path = ViewController.swift; sourceTree = "<group>"; };
		F9202CD11E3344DE00E86C77 /* Base */ = {isa = PBXFileReference; lastKnownFileType = file.storyboard; name = Base; path = Base.lproj/Main.storyboard; sourceTree = "<group>"; };
		F9202CD31E3344DE00E86C77 /* Assets.xcassets */ = {isa = PBXFileReference; lastKnownFileType = folder.assetcatalog; path = Assets.xcassets; sourceTree = "<group>"; };
		F9202CD61E3344DE00E86C77 /* Base */ = {isa = PBXFileReference; lastKnownFileType = file.storyboard; name = Base; path = Base.lproj/LaunchScreen.storyboard; sourceTree = "<group>"; };
		F9202CD81E3344DE00E86C77 /* Info.plist */ = {isa = PBXFileReference; lastKnownFileType = text.plist.xml; path = Info.plist; sourceTree = "<group>"; };
/* End PBXFileReference section */

/* Begin PBXFrameworksBuildPhase section */
		F9202CC61E3344DE00E86C77 /* Frameworks */ = {
			isa = PBXFrameworksBuildPhase;
			buildActionMask = 2147483647;
			files = (
			);
			runOnlyForDeploymentPostprocessing = 0;
		};
/* End PBXFrameworksBuildPhase section */

/* Begin PBXGroup section */
		F9202CC01E3344DE00E86C77 = {
			isa = PBXGroup;
			children = (
				F9202CCB1E3344DE00E86C77 /* SampleSearchBar */,
				F9202CCA1E3344DE00E86C77 /* Products */,
			);
			sourceTree = "<group>";
		};
		F9202CCA1E3344DE00E86C77 /* Products */ = {
			isa = PBXGroup;
			children = (
				F9202CC91E3344DE00E86C77 /* SampleSearchBar.app */,
			);
			name = Products;
			sourceTree = "<group>";
		};
		F9202CCB1E3344DE00E86C77 /* SampleSearchBar */ = {
			isa = PBXGroup;
			children = (
				F9202CCC1E3344DE00E86C77 /* AppDelegate.swift */,
				F9202CCE1E3344DE00E86C77 /* ViewController.swift */,
				F9202CD01E3344DE00E86C77 /* Main.storyboard */,
				F9202CD31E3344DE00E86C77 /* Assets.xcassets */,
				F9202CD51E3344DE00E86C77 /* LaunchScreen.storyboard */,
				F9202CD81E3344DE00E86C77 /* Info.plist */,
			);
			path = SampleSearchBar;
			sourceTree = "<group>";
		};
/* End PBXGroup section */

/* Begin PBXNativeTarget section */
		F9202CC81E3344DE00E86C77 /* SampleSearchBar */ = {
			isa = PBXNativeTarget;
			buildConfigurationList = F9202CDB1E3344DE00E86C77 /* Build configuration list for PBXNativeTarget "SampleSearchBar" */;
			buildPhases = (
				F9202CC51E3344DE00E86C77 /* Sources */,
				F9202CC61E3344DE00E86C77 /* Frameworks */,
				F9202CC71E3344DE00E86C77 /* Resources */,
			);
			buildRules = (
			);
			dependencies = (
			);
			name = SampleSearchBar;
			productName = SampleSearchBar;
			productReference = F9202CC91E3344DE00E86C77 /* SampleSearchBar.app */;
			productType = "com.apple.product-type.application";
		};
/* End PBXNativeTarget section */

/* Begin PBXProject section */
		F9202CC11E3344DE00E86C77 /* Project object */ = {
			isa = PBXProject;
			attributes = {
				LastSwiftUpdateCheck = 0730;
				LastUpgradeCheck = 0730;
				ORGANIZATIONNAME = spaceo;
				TargetAttributes = {
					F9202CC81E3344DE00E86C77 = {
						CreatedOnToolsVersion = 7.3.1;
					};
				};
			};
			buildConfigurationList = F9202CC41E3344DE00E86C77 /* Build configuration list for PBXProject "SampleSearchBar" */;
			compatibilityVersion = "Xcode 3.2";
			developmentRegion = English;
			hasScannedForEncodings = 0;
			knownRegions = (
				en,
				Base,
			);
			mainGroup = F9202CC01E3344DE00E86C77;
			productRefGroup = F9202CCA1E3344DE00E86C77 /* Products */;
			projectDirPath = "";
			projectRoot = "";
			targets = (
				F9202CC81E3344DE00E86C77 /* SampleSearchBar */,
			);
		};
/* End PBXProject section */

/* Begin PBXResourcesBuildPhase section */
		F9202CC71E3344DE00E86C77 /* Resources */ = {
			isa = PBXResourcesBuildPhase;
			buildActionMask = 2147483647;
			files = (
				F9202CD71E3344DE00E86C77 /* LaunchScreen.storyboard in Resources */,
				F9202CD41E3344DE00E86C77 /* Assets.xcassets in Resources */,
				F9202CD21E3344DE00E86C77 /* Main.storyboard in Resources */,
			);
			runOnlyForDeploymentPostprocessing = 0;
		};
/* End PBXResourcesBuildPhase section */

/* Begin PBXSourcesBuildPhase section */
		F9202CC51E3344DE00E86C77 /* Sources */ = {
			isa = PBXSourcesBuildPhase;
			buildActionMask = 2147483647;
			files = (
				F9202CCF1E3344DE00E86C77 /* ViewController.swift in Sources */,
				F9202CCD1E3344DE00E86C77 /* AppDelegate.swift in Sources */,
			);
			runOnlyForDeploymentPostprocessing = 0;
		};
/* End PBXSourcesBuildPhase section */

/* Begin PBXVariantGroup section */
		F9202CD01E3344DE00E86C77 /* Main.storyboard */ = {
			isa = PBXVariantGroup;
			children = (
				F9202CD11E3344DE00E86C77 /* Base */,
			);
			name = Main.storyboard;
			sourceTree = "<group>";
		};
		F9202CD51E3344DE00E86C77 /* LaunchScreen.storyboard */ = {
			isa = PBXVariantGroup;
			children = (
				F9202CD61E3344DE00E86C77 /* Base */,
			);
			name = LaunchScreen.storyboard;
			sourceTree = "<group>";
		};
/* End PBXVariantGroup section */

/* Begin XCBuildConfiguration section */
		F9202CD91E3344DE00E86C77 /* Debug */ = {
			isa = XCBuildConfiguration;
			buildSettings = {
				ALWAYS_SEARCH_USER_PATHS = NO;
				CLANG_ANALYZER_NONNULL = YES;
				CLANG_CXX_LANGUAGE_STANDARD = "gnu++0x";
				CLANG_CXX_LIBRARY = "libc++";
				CLANG_ENABLE_MODULES = YES;
				CLANG_ENABLE_OBJC_ARC = YES;
				CLANG_WARN_BOOL_CONVERSION = YES;
				CLANG_WARN_CONSTANT_CONVERSION = YES;
				CLANG_WARN_DIRECT_OBJC_ISA_USAGE = YES_ERROR;
				CLANG_WARN_EMPTY_BODY = YES;
				CLANG_WARN_ENUM_CONVERSION = YES;
				CLANG_WARN_INT_CONVERSION = YES;
				CLANG_WARN_OBJC_ROOT_CLASS = YES_ERROR;
				CLANG_WARN_UNREACHABLE_CODE = YES;
				CLANG_WARN__DUPLICATE_METHOD_MATCH = YES;
				"CODE_SIGN_IDENTITY[sdk=iphoneos*]" = "iPhone Developer";
				COPY_PHASE_STRIP = NO;
				DEBUG_INFORMATION_FORMAT = dwarf;
				ENABLE_STRICT_OBJC_MSGSEND = YES;
				ENABLE_TESTABILITY = YES;
				GCC_C_LANGUAGE_STANDARD = gnu99;
				GCC_DYNAMIC_NO_PIC = NO;
				GCC_NO_COMMON_BLOCKS = YES;
				GCC_OPTIMIZATION_LEVEL = 0;
				GCC_PREPROCESSOR_DEFINITIONS = (
					"DEBUG=1",
					"$(inherited)",
				);
				GCC_WARN_64_TO_32_BIT_CONVERSION = YES;
				GCC_WARN_ABOUT_RETURN_TYPE = YES_ERROR;
				GCC_WARN_UNDECLARED_SELECTOR = YES;
				GCC_WARN_UNINITIALIZED_AUTOS = YES_AGGRESSIVE;
				GCC_WARN_UNUSED_FUNCTION = YES;
				GCC_WARN_UNUSED_VARIABLE = YES;
				IPHONEOS_DEPLOYMENT_TARGET = 9.3;
				MTL_ENABLE_DEBUG_INFO = YES;
				ONLY_ACTIVE_ARCH = YES;
				SDKROOT = iphoneos;
				SWIFT_OPTIMIZATION_LEVEL = "-Onone";
			};
			name = Debug;
		};
		F9202CDA1E3344DE00E86C77 /* Release */ = {
			isa = XCBuildConfiguration;
			buildSettings = {
				ALWAYS_SEARCH_USER_PATHS = NO;
				CLANG_ANALYZER_NONNULL = YES;
				CLANG_CXX_LANGUAGE_STANDARD = "gnu++0x";
				CLANG_CXX_LIBRARY = "libc++";
				CLANG_ENABLE_MODULES = YES;
				CLANG_ENABLE_OBJC_ARC = YES;
				CLANG_WARN_BOOL_CONVERSION = YES;
				CLANG_WARN_CONSTANT_CONVERSION = YES;
				CLANG_WARN_DIRECT_OBJC_ISA_USAGE = YES_ERROR;
				CLANG_WARN_EMPTY_BODY = YES;
				CLANG_WARN_ENUM_CONVERSION = YES;
				CLANG_WARN_INT_CONVERSION = YES;
				CLANG_WARN_OBJC_ROOT_CLASS = YES_ERROR;
				CLANG_WARN_UNREACHABLE_CODE = YES;
				CLANG_WARN__DUPLICATE_METHOD_MATCH = YES;
				"CODE_SIGN_IDENTITY[sdk=iphoneos*]" = "iPhone Developer";
				COPY_PHASE_STRIP = NO;
				DEBUG_INFORMATION_FORMAT = "dwarf-with-dsym";
				ENABLE_NS_ASSERTIONS = NO;
				ENABLE_STRICT_OBJC_MSGSEND = YES;
				GCC_C_LANGUAGE_STANDARD = gnu99;
				GCC_NO_COMMON_BLOCKS = YES;
				GCC_WARN_64_TO_32_BIT_CONVERSION = YES;
				GCC_WARN_ABOUT_RETURN_TYPE = YES_ERROR;
				GCC_WARN_UNDECLARED_SELECTOR = YES;
				GCC_WARN_UNINITIALIZED_AUTOS = YES_AGGRESSIVE;
				GCC_WARN_UNUSED_FUNCTION = YES;
				GCC_WARN_UNUSED_VARIABLE = YES;
				IPHONEOS_DEPLOYMENT_TARGET = 9.3;
				MTL_ENABLE_DEBUG_INFO = NO;
				SDKROOT = iphoneos;
				VALIDATE_PRODUCT = YES;
			};
			name = Release;
		};
		F9202CDC1E3344DE00E86C77 /* Debug */ = {
			isa = XCBuildConfiguration;
			buildSettings = {
				ASSETCATALOG_COMPILER_APPICON_NAME = AppIcon;
				INFOPLIST_FILE = SampleSearchBar/Info.plist;
				LD_RUNPATH_SEARCH_PATHS = "$(inherited) @executable_path/Frameworks";
				PRODUCT_BUNDLE_IDENTIFIER = com.company.searchbar.SampleSearchBar;
				PRODUCT_NAME = "$(TARGET_NAME)";
			};
			name = Debug;
		};
		F9202CDD1E3344DE00E86C77 /* Release */ = {
			isa = XCBuildConfiguration;
			buildSettings = {
				ASSETCATALOG_COMPILER_APPICON_NAME = AppIcon;
				INFOPLIST_FILE = SampleSearchBar/Info.plist;
				LD_RUNPATH_SEARCH_PATHS = "$(inherited) @executable_path/Frameworks";
				PRODUCT_BUNDLE_IDENTIFIER = com.company.searchbar.SampleSearchBar;
				PRODUCT_NAME = "$(TARGET_NAME)";
			};
			name = Release;
		};
/* End XCBuildConfiguration section */

/* Begin XCConfigurationList section */
		F9202CC41E3344DE00E86C77 /* Build configuration list for PBXProject "SampleSearchBar" */ = {
			isa = XCConfigurationList;
			buildConfigurations = (
				F9202CD91E3344DE00E86C77 /* Debug */,
				F9202CDA1E3344DE00E86C77 /* Release */,
			);
			defaultConfigurationIsVisible = 0;
			defaultConfigurationName = Release;
		};
		F9202CDB1E3344DE00E86C77 /* Build configuration list for PBXNativeTarget "SampleSearchBar" */ = {
			isa = XCConfigurationList;
			buildConfigurations = (
				F9202CDC1E3344DE00E86C77 /* Debug */,
				F9202CDD1E3344DE00E86C77 /* Release */,
			);
			defaultConfigurationIsVisible = 0;
		};
/* End XCConfigurationList section */
	};
	rootObject = F9202CC11E3344DE00E86C77 /* Project object */;
}
